Microsoft Visual Studio Solution File, Format Version 12.00
# Visual Studio 15
VisualStudioVersion = 15.0.26124.0
MinimumVisualStudioVersion = 15.0.26124.0
Project("{FAE04EC0-301F-11D3-BF4B-00C04F79EFBC}") = "core-ztzbx.Client", "Client\core-ztzbx.Client.csproj", "{F855F7E9-C7C8-4749-8749-9BF38D4AEE1A}"
EndProject
Project("{FAE04EC0-301F-11D3-BF4B-00C04F79EFBC}") = "core-ztzbx.Server", "Server\core-ztzbx.Server.csproj", "{A271242C-4639-4C8B-BE23-499955170F81}"
EndProject
Global
	GlobalSection(SolutionConfigurationPlatforms) = preSolution
		Debug|Any CPU = Debug|Any CPU
		Release|Any CPU = Release|Any CPU
	EndGlobalSection
	GlobalSection(SolutionProperties) = preSolution
		HideSolutionNode = FALSE
	EndGlobalSection
	GlobalSection(ProjectConfigurationPlatforms) = postSolution
		{F855F7E9-C7C8-4749-8749-9BF38D4AEE1A}.Debug|Any CPU.ActiveCfg = Debug|Any CPU
		{F855F7E9-C7C8-4749-8749-9BF38D4AEE1A}.Debug|Any CPU.Build.0 = Debug|Any CPU
		{F855F7E9-C7C8-4749-8749-9BF38D4AEE1A}.Release|Any CPU.ActiveCfg = Release|Any CPU
		{F855F7E9-C7C8-4749-8749-9BF38D4AEE1A}.Release|Any CPU.Build.0 = Release|Any CPU
		{A271242C-4639-4C8B-BE23-499955170F81}.Debug|Any CPU.ActiveCfg = Debug|Any CPU
		{A271242C-4639-4C8B-BE23-499955170F81}.Debug|Any CPU.Build.0 = Debug|Any CPU
		{A271242C-4639-4C8B-BE23-499955170F81}.Release|Any CPU.ActiveCfg = Release|Any CPU
		{A271242C-4639-4C8B-BE23-499955170F81}.Release|Any CPU.Build.0 = Release|Any CPU
	EndGlobalSection
EndGlobal
